
Microsoft Visual Studio Solution File, Format Version 12.00
# Visual Studio 2013
VisualStudioVersion = 12.0.31101.0
MinimumVisualStudioVersion = 10.0.40219.1
Project("{FAE04EC0-301F-11D3-BF4B-00C04F79EFBC}") = "cgsmvc", "cgsmvc\cgsmvc.csproj", "{0E6A02EB-F933-4C47-BE0E-E886A9A911F0}"
EndProject
Project("{FAE04EC0-301F-11D3-BF4B-00C04F79EFBC}") = "cgsmvc.Tests", "cgsmvc.Tests\cgsmvc.Tests.csproj", "{C1E2DAC0-2244-4639-8CE0-A715F32CDC54}"
EndProject
Global
	GlobalSection(SolutionConfigurationPlatforms) = preSolution
		Debug|Any CPU = Debug|Any CPU
		Release|Any CPU = Release|Any CPU
	EndGlobalSection
	GlobalSection(ProjectConfigurationPlatforms) = postSolution
		{0E6A02EB-F933-4C47-BE0E-E886A9A911F0}.Debug|Any CPU.ActiveCfg = Debug|Any CPU
		{0E6A02EB-F933-4C47-BE0E-E886A9A911F0}.Debug|Any CPU.Build.0 = Debug|Any CPU
		{0E6A02EB-F933-4C47-BE0E-E886A9A911F0}.Release|Any CPU.ActiveCfg = Release|Any CPU
		{0E6A02EB-F933-4C47-BE0E-E886A9A911F0}.Release|Any CPU.Build.0 = Release|Any CPU
		{C1E2DAC0-2244-4639-8CE0-A715F32CDC54}.Debug|Any CPU.ActiveCfg = Debug|Any CPU
		{C1E2DAC0-2244-4639-8CE0-A715F32CDC54}.Debug|Any CPU.Build.0 = Debug|Any CPU
		{C1E2DAC0-2244-4639-8CE0-A715F32CDC54}.Release|Any CPU.ActiveCfg = Release|Any CPU
		{C1E2DAC0-2244-4639-8CE0-A715F32CDC54}.Release|Any CPU.Build.0 = Release|Any CPU
	EndGlobalSection
	GlobalSection(SolutionProperties) = preSolution
		HideSolutionNode = FALSE
	EndGlobalSection
EndGlobal
